Microsoft Visual Studio Solution File, Format Version 12.00
# Visual Studio 2012
Project("{FAE04EC0-301F-11D3-BF4B-00C04F79EFBC}") = "Godot.Tutorial-Platformer", "Godot.Tutorial-Platformer.csproj", "{5EE3AED8-3901-425C-A0D0-71C2837168CB}"
EndProject
Global
	GlobalSection(SolutionConfigurationPlatforms) = preSolution
	Debug|Any CPU = Debug|Any CPU
	ExportDebug|Any CPU = ExportDebug|Any CPU
	ExportRelease|Any CPU = ExportRelease|Any CPU
	EndGlobalSection
	GlobalSection(ProjectConfigurationPlatforms) = postSolution
		{5EE3AED8-3901-425C-A0D0-71C2837168CB}.Debug|Any CPU.ActiveCfg = Debug|Any CPU
		{5EE3AED8-3901-425C-A0D0-71C2837168CB}.Debug|Any CPU.Build.0 = Debug|Any CPU
		{5EE3AED8-3901-425C-A0D0-71C2837168CB}.ExportDebug|Any CPU.ActiveCfg = ExportDebug|Any CPU
		{5EE3AED8-3901-425C-A0D0-71C2837168CB}.ExportDebug|Any CPU.Build.0 = ExportDebug|Any CPU
		{5EE3AED8-3901-425C-A0D0-71C2837168CB}.ExportRelease|Any CPU.ActiveCfg = ExportRelease|Any CPU
		{5EE3AED8-3901-425C-A0D0-71C2837168CB}.ExportRelease|Any CPU.Build.0 = ExportRelease|Any CPU
	EndGlobalSection
EndGlobal
